
Microsoft Visual Studio Solution File, Format Version 12.00
# Visual Studio 14
VisualStudioVersion = 14.0.25420.1
MinimumVisualStudioVersion = 10.0.40219.1
Project("{FAE04EC0-301F-11D3-BF4B-00C04F79EFBC}") = "AlayamMgmt.Business", "AlayamMgmt.Business\AlayamMgmt.Business.csproj", "{3D3AE94B-4810-447E-A6B5-700C034A6679}"
EndProject
Project("{FAE04EC0-301F-11D3-BF4B-00C04F79EFBC}") = "AlayamMgmt.Common", "AlayamMgmt.Common\AlayamMgmt.Common.csproj", "{F8753918-A6ED-47D5-A77D-A42E3D30E757}"
EndProject
Project("{FAE04EC0-301F-11D3-BF4B-00C04F79EFBC}") = "AlayamMgmt.Data", "AlayamMgmt.Data\AlayamMgmt.Data.csproj", "{8A13B132-905C-4F58-B86F-81E373CC6BF9}"
EndProject
Project("{FAE04EC0-301F-11D3-BF4B-00C04F79EFBC}") = "ChurchMgnt.Web", "ChurchMgnt.Web\ChurchMgnt.Web.csproj", "{5F621357-02C8-4F27-9BA7-EEA21DCDBE58}"
EndProject
Project("{FAE04EC0-301F-11D3-BF4B-00C04F79EFBC}") = "Online.ChurchMgnt.Web", "Online.ChurchMgnt.Web\Online.ChurchMgnt.Web.csproj", "{E781210B-1E89-4C1A-8790-3A2C3B62C578}"
EndProject
Project("{FAE04EC0-301F-11D3-BF4B-00C04F79EFBC}") = "ChurchMgnt.WebAPI", "ChurchMgnt.WebAPI\ChurchMgnt.WebAPI.csproj", "{D1727BAE-2121-49B4-9126-12DEC0E8D518}"
EndProject
Project("{FAE04EC0-301F-11D3-BF4B-00C04F79EFBC}") = "ChurchMgnt.Mobile", "ChurchMgnt.Mobile\ChurchMgnt.Mobile.csproj", "{39144D8A-A83E-4F47-A4CE-C54ED7F08E0E}"
EndProject
Project("{FAE04EC0-301F-11D3-BF4B-00C04F79EFBC}") = "ChurchMgnt.Image", "ChurchMgnt.Image\ChurchMgnt.Image.csproj", "{91776D23-678F-40E3-91C3-68BF9BAB893C}"
EndProject
Global
	GlobalSection(SolutionConfigurationPlatforms) = preSolution
		Debug|Android = Debug|Android
		Debug|Any CPU = Debug|Any CPU
		Debug|iOS = Debug|iOS
		Debug|Windows Phone (Universal) = Debug|Windows Phone (Universal)
		Debug|Windows Phone 8 = Debug|Windows Phone 8
		Debug|Windows-AnyCPU = Debug|Windows-AnyCPU
		Debug|Windows-ARM = Debug|Windows-ARM
		Debug|Windows-x64 = Debug|Windows-x64
		Debug|Windows-x86 = Debug|Windows-x86
		Release|Android = Release|Android
		Release|Any CPU = Release|Any CPU
		Release|iOS = Release|iOS
		Release|Windows Phone (Universal) = Release|Windows Phone (Universal)
		Release|Windows Phone 8 = Release|Windows Phone 8
		Release|Windows-AnyCPU = Release|Windows-AnyCPU
		Release|Windows-ARM = Release|Windows-ARM
		Release|Windows-x64 = Release|Windows-x64
		Release|Windows-x86 = Release|Windows-x86
	EndGlobalSection
	GlobalSection(ProjectConfigurationPlatforms) = postSolution
		{3D3AE94B-4810-447E-A6B5-700C034A6679}.Debug|Android.ActiveCfg = Debug|Any CPU
		{3D3AE94B-4810-447E-A6B5-700C034A6679}.Debug|Android.Build.0 = Debug|Any CPU
		{3D3AE94B-4810-447E-A6B5-700C034A6679}.Debug|Any CPU.ActiveCfg = Debug|Any CPU
		{3D3AE94B-4810-447E-A6B5-700C034A6679}.Debug|Any CPU.Build.0 = Debug|Any CPU
		{3D3AE94B-4810-447E-A6B5-700C034A6679}.Debug|iOS.ActiveCfg = Debug|Any CPU
		{3D3AE94B-4810-447E-A6B5-700C034A6679}.Debug|iOS.Build.0 = Debug|Any CPU
		{3D3AE94B-4810-447E-A6B5-700C034A6679}.Debug|Windows Phone (Universal).ActiveCfg = Debug|Any CPU
		{3D3AE94B-4810-447E-A6B5-700C034A6679}.Debug|Windows Phone (Universal).Build.0 = Debug|Any CPU
		{3D3AE94B-4810-447E-A6B5-700C034A6679}.Debug|Windows Phone 8.ActiveCfg = Debug|Any CPU
		{3D3AE94B-4810-447E-A6B5-700C034A6679}.Debug|Windows Phone 8.Build.0 = Debug|Any CPU
		{3D3AE94B-4810-447E-A6B5-700C034A6679}.Debug|Windows-AnyCPU.ActiveCfg = Debug|Any CPU
		{3D3AE94B-4810-447E-A6B5-700C034A6679}.Debug|Windows-AnyCPU.Build.0 = Debug|Any CPU
		{3D3AE94B-4810-447E-A6B5-700C034A6679}.Debug|Windows-ARM.ActiveCfg = Debug|Any CPU
		{3D3AE94B-4810-447E-A6B5-700C034A6679}.Debug|Windows-ARM.Build.0 = Debug|Any CPU
		{3D3AE94B-4810-447E-A6B5-700C034A6679}.Debug|Windows-x64.ActiveCfg = Debug|Any CPU
		{3D3AE94B-4810-447E-A6B5-700C034A6679}.Debug|Windows-x64.Build.0 = Debug|Any CPU
		{3D3AE94B-4810-447E-A6B5-700C034A6679}.Debug|Windows-x86.ActiveCfg = Debug|Any CPU
		{3D3AE94B-4810-447E-A6B5-700C034A6679}.Debug|Windows-x86.Build.0 = Debug|Any CPU
		{3D3AE94B-4810-447E-A6B5-700C034A6679}.Release|Android.ActiveCfg = Release|Any CPU
		{3D3AE94B-4810-447E-A6B5-700C034A6679}.Release|Android.Build.0 = Release|Any CPU
		{3D3AE94B-4810-447E-A6B5-700C034A6679}.Release|Any CPU.ActiveCfg = Release|Any CPU
		{3D3AE94B-4810-447E-A6B5-700C034A6679}.Release|Any CPU.Build.0 = Release|Any CPU
		{3D3AE94B-4810-447E-A6B5-700C034A6679}.Release|iOS.ActiveCfg = Release|Any CPU
		{3D3AE94B-4810-447E-A6B5-700C034A6679}.Release|iOS.Build.0 = Release|Any CPU
		{3D3AE94B-4810-447E-A6B5-700C034A6679}.Release|Windows Phone (Universal).ActiveCfg = Release|Any CPU
		{3D3AE94B-4810-447E-A6B5-700C034A6679}.Release|Windows Phone (Universal).Build.0 = Release|Any CPU
		{3D3AE94B-4810-447E-A6B5-700C034A6679}.Release|Windows Phone 8.ActiveCfg = Release|Any CPU
		{3D3AE94B-4810-447E-A6B5-700C034A6679}.Release|Windows Phone 8.Build.0 = Release|Any CPU
		{3D3AE94B-4810-447E-A6B5-700C034A6679}.Release|Windows-AnyCPU.ActiveCfg = Release|Any CPU
		{3D3AE94B-4810-447E-A6B5-700C034A6679}.Release|Windows-AnyCPU.Build.0 = Release|Any CPU
		{3D3AE94B-4810-447E-A6B5-700C034A6679}.Release|Windows-ARM.ActiveCfg = Release|Any CPU
		{3D3AE94B-4810-447E-A6B5-700C034A6679}.Release|Windows-ARM.Build.0 = Release|Any CPU
		{3D3AE94B-4810-447E-A6B5-700C034A6679}.Release|Windows-x64.ActiveCfg = Release|Any CPU
		{3D3AE94B-4810-447E-A6B5-700C034A6679}.Release|Windows-x64.Build.0 = Release|Any CPU
		{3D3AE94B-4810-447E-A6B5-700C034A6679}.Release|Windows-x86.ActiveCfg = Release|Any CPU
		{3D3AE94B-4810-447E-A6B5-700C034A6679}.Release|Windows-x86.Build.0 = Release|Any CPU
		{F8753918-A6ED-47D5-A77D-A42E3D30E757}.Debug|Android.ActiveCfg = Debug|Any CPU
		{F8753918-A6ED-47D5-A77D-A42E3D30E757}.Debug|Android.Build.0 = Debug|Any CPU
		{F8753918-A6ED-47D5-A77D-A42E3D30E757}.Debug|Any CPU.ActiveCfg = Debug|Any CPU
		{F8753918-A6ED-47D5-A77D-A42E3D30E757}.Debug|Any CPU.Build.0 = Debug|Any CPU
		{F8753918-A6ED-47D5-A77D-A42E3D30E757}.Debug|iOS.ActiveCfg = Debug|Any CPU
		{F8753918-A6ED-47D5-A77D-A42E3D30E757}.Debug|iOS.Build.0 = Debug|Any CPU
		{F8753918-A6ED-47D5-A77D-A42E3D30E757}.Debug|Windows Phone (Universal).ActiveCfg = Debug|Any CPU
		{F8753918-A6ED-47D5-A77D-A42E3D30E757}.Debug|Windows Phone (Universal).Build.0 = Debug|Any CPU
		{F8753918-A6ED-47D5-A77D-A42E3D30E757}.Debug|Windows Phone 8.ActiveCfg = Debug|Any CPU
		{F8753918-A6ED-47D5-A77D-A42E3D30E757}.Debug|Windows Phone 8.Build.0 = Debug|Any CPU
		{F8753918-A6ED-47D5-A77D-A42E3D30E757}.Debug|Windows-AnyCPU.ActiveCfg = Debug|Any CPU
		{F8753918-A6ED-47D5-A77D-A42E3D30E757}.Debug|Windows-AnyCPU.Build.0 = Debug|Any CPU
		{F8753918-A6ED-47D5-A77D-A42E3D30E757}.Debug|Windows-ARM.ActiveCfg = Debug|Any CPU
		{F8753918-A6ED-47D5-A77D-A42E3D30E757}.Debug|Windows-ARM.Build.0 = Debug|Any CPU
		{F8753918-A6ED-47D5-A77D-A42E3D30E757}.Debug|Windows-x64.ActiveCfg = Debug|Any CPU
		{F8753918-A6ED-47D5-A77D-A42E3D30E757}.Debug|Windows-x64.Build.0 = Debug|Any CPU
		{F8753918-A6ED-47D5-A77D-A42E3D30E757}.Debug|Windows-x86.ActiveCfg = Debug|Any CPU
		{F8753918-A6ED-47D5-A77D-A42E3D30E757}.Debug|Windows-x86.Build.0 = Debug|Any CPU
		{F8753918-A6ED-47D5-A77D-A42E3D30E757}.Release|Android.ActiveCfg = Release|Any CPU
		{F8753918-A6ED-47D5-A77D-A42E3D30E757}.Release|Android.Build.0 = Release|Any CPU
		{F8753918-A6ED-47D5-A77D-A42E3D30E757}.Release|Any CPU.ActiveCfg = Release|Any CPU
		{F8753918-A6ED-47D5-A77D-A42E3D30E757}.Release|Any CPU.Build.0 = Release|Any CPU
		{F8753918-A6ED-47D5-A77D-A42E3D30E757}.Release|iOS.ActiveCfg = Release|Any CPU
		{F8753918-A6ED-47D5-A77D-A42E3D30E757}.Release|iOS.Build.0 = Release|Any CPU
		{F8753918-A6ED-47D5-A77D-A42E3D30E757}.Release|Windows Phone (Universal).ActiveCfg = Release|Any CPU
		{F8753918-A6ED-47D5-A77D-A42E3D30E757}.Release|Windows Phone (Universal).Build.0 = Release|Any CPU
		{F8753918-A6ED-47D5-A77D-A42E3D30E757}.Release|Windows Phone 8.ActiveCfg = Release|Any CPU
		{F8753918-A6ED-47D5-A77D-A42E3D30E757}.Release|Windows Phone 8.Build.0 = Release|Any CPU
		{F8753918-A6ED-47D5-A77D-A42E3D30E757}.Release|Windows-AnyCPU.ActiveCfg = Release|Any CPU
		{F8753918-A6ED-47D5-A77D-A42E3D30E757}.Release|Windows-AnyCPU.Build.0 = Release|Any CPU
		{F8753918-A6ED-47D5-A77D-A42E3D30E757}.Release|Windows-ARM.ActiveCfg = Release|Any CPU
		{F8753918-A6ED-47D5-A77D-A42E3D30E757}.Release|Windows-ARM.Build.0 = Release|Any CPU
		{F8753918-A6ED-47D5-A77D-A42E3D30E757}.Release|Windows-x64.ActiveCfg = Release|Any CPU
		{F8753918-A6ED-47D5-A77D-A42E3D30E757}.Release|Windows-x64.Build.0 = Release|Any CPU
		{F8753918-A6ED-47D5-A77D-A42E3D30E757}.Release|Windows-x86.ActiveCfg = Release|Any CPU
		{F8753918-A6ED-47D5-A77D-A42E3D30E757}.Release|Windows-x86.Build.0 = Release|Any CPU
		{8A13B132-905C-4F58-B86F-81E373CC6BF9}.Debug|Android.ActiveCfg = Debug|Any CPU
		{8A13B132-905C-4F58-B86F-81E373CC6BF9}.Debug|Android.Build.0 = Debug|Any CPU
		{8A13B132-905C-4F58-B86F-81E373CC6BF9}.Debug|Any CPU.ActiveCfg = Debug|Any CPU
		{8A13B132-905C-4F58-B86F-81E373CC6BF9}.Debug|Any CPU.Build.0 = Debug|Any CPU
		{8A13B132-905C-4F58-B86F-81E373CC6BF9}.Debug|iOS.ActiveCfg = Debug|Any CPU
		{8A13B132-905C-4F58-B86F-81E373CC6BF9}.Debug|iOS.Build.0 = Debug|Any CPU
		{8A13B132-905C-4F58-B86F-81E373CC6BF9}.Debug|Windows Phone (Universal).ActiveCfg = Debug|Any CPU
		{8A13B132-905C-4F58-B86F-81E373CC6BF9}.Debug|Windows Phone (Universal).Build.0 = Debug|Any CPU
		{8A13B132-905C-4F58-B86F-81E373CC6BF9}.Debug|Windows Phone 8.ActiveCfg = Debug|Any CPU
		{8A13B132-905C-4F58-B86F-81E373CC6BF9}.Debug|Windows Phone 8.Build.0 = Debug|Any CPU
		{8A13B132-905C-4F58-B86F-81E373CC6BF9}.Debug|Windows-AnyCPU.ActiveCfg = Debug|Any CPU
		{8A13B132-905C-4F58-B86F-81E373CC6BF9}.Debug|Windows-AnyCPU.Build.0 = Debug|Any CPU
		{8A13B132-905C-4F58-B86F-81E373CC6BF9}.Debug|Windows-ARM.ActiveCfg = Debug|Any CPU
		{8A13B132-905C-4F58-B86F-81E373CC6BF9}.Debug|Windows-ARM.Build.0 = Debug|Any CPU
		{8A13B132-905C-4F58-B86F-81E373CC6BF9}.Debug|Windows-x64.ActiveCfg = Debug|Any CPU
		{8A13B132-905C-4F58-B86F-81E373CC6BF9}.Debug|Windows-x64.Build.0 = Debug|Any CPU
		{8A13B132-905C-4F58-B86F-81E373CC6BF9}.Debug|Windows-x86.ActiveCfg = Debug|Any CPU
		{8A13B132-905C-4F58-B86F-81E373CC6BF9}.Debug|Windows-x86.Build.0 = Debug|Any CPU
		{8A13B132-905C-4F58-B86F-81E373CC6BF9}.Release|Android.ActiveCfg = Release|Any CPU
		{8A13B132-905C-4F58-B86F-81E373CC6BF9}.Release|Android.Build.0 = Release|Any CPU
		{8A13B132-905C-4F58-B86F-81E373CC6BF9}.Release|Any CPU.ActiveCfg = Release|Any CPU
		{8A13B132-905C-4F58-B86F-81E373CC6BF9}.Release|Any CPU.Build.0 = Release|Any CPU
		{8A13B132-905C-4F58-B86F-81E373CC6BF9}.Release|iOS.ActiveCfg = Release|Any CPU
		{8A13B132-905C-4F58-B86F-81E373CC6BF9}.Release|iOS.Build.0 = Release|Any CPU
		{8A13B132-905C-4F58-B86F-81E373CC6BF9}.Release|Windows Phone (Universal).ActiveCfg = Release|Any CPU
		{8A13B132-905C-4F58-B86F-81E373CC6BF9}.Release|Windows Phone (Universal).Build.0 = Release|Any CPU
		{8A13B132-905C-4F58-B86F-81E373CC6BF9}.Release|Windows Phone 8.ActiveCfg = Release|Any CPU
		{8A13B132-905C-4F58-B86F-81E373CC6BF9}.Release|Windows Phone 8.Build.0 = Release|Any CPU
		{8A13B132-905C-4F58-B86F-81E373CC6BF9}.Release|Windows-AnyCPU.ActiveCfg = Release|Any CPU
		{8A13B132-905C-4F58-B86F-81E373CC6BF9}.Release|Windows-AnyCPU.Build.0 = Release|Any CPU
		{8A13B132-905C-4F58-B86F-81E373CC6BF9}.Release|Windows-ARM.ActiveCfg = Release|Any CPU
		{8A13B132-905C-4F58-B86F-81E373CC6BF9}.Release|Windows-ARM.Build.0 = Release|Any CPU
		{8A13B132-905C-4F58-B86F-81E373CC6BF9}.Release|Windows-x64.ActiveCfg = Release|Any CPU
		{8A13B132-905C-4F58-B86F-81E373CC6BF9}.Release|Windows-x64.Build.0 = Release|Any CPU
		{8A13B132-905C-4F58-B86F-81E373CC6BF9}.Release|Windows-x86.ActiveCfg = Release|Any CPU
		{8A13B132-905C-4F58-B86F-81E373CC6BF9}.Release|Windows-x86.Build.0 = Release|Any CPU
		{5F621357-02C8-4F27-9BA7-EEA21DCDBE58}.Debug|Android.ActiveCfg = Debug|Any CPU
		{5F621357-02C8-4F27-9BA7-EEA21DCDBE58}.Debug|Android.Build.0 = Debug|Any CPU
		{5F621357-02C8-4F27-9BA7-EEA21DCDBE58}.Debug|Any CPU.ActiveCfg = Debug|Any CPU
		{5F621357-02C8-4F27-9BA7-EEA21DCDBE58}.Debug|Any CPU.Build.0 = Debug|Any CPU
		{5F621357-02C8-4F27-9BA7-EEA21DCDBE58}.Debug|iOS.ActiveCfg = Debug|Any CPU
		{5F621357-02C8-4F27-9BA7-EEA21DCDBE58}.Debug|iOS.Build.0 = Debug|Any CPU
		{5F621357-02C8-4F27-9BA7-EEA21DCDBE58}.Debug|Windows Phone (Universal).ActiveCfg = Debug|Any CPU
		{5F621357-02C8-4F27-9BA7-EEA21DCDBE58}.Debug|Windows Phone (Universal).Build.0 = Debug|Any CPU
		{5F621357-02C8-4F27-9BA7-EEA21DCDBE58}.Debug|Windows Phone 8.ActiveCfg = Debug|Any CPU
		{5F621357-02C8-4F27-9BA7-EEA21DCDBE58}.Debug|Windows Phone 8.Build.0 = Debug|Any CPU
		{5F621357-02C8-4F27-9BA7-EEA21DCDBE58}.Debug|Windows-AnyCPU.ActiveCfg = Debug|Any CPU
		{5F621357-02C8-4F27-9BA7-EEA21DCDBE58}.Debug|Windows-AnyCPU.Build.0 = Debug|Any CPU
		{5F621357-02C8-4F27-9BA7-EEA21DCDBE58}.Debug|Windows-ARM.ActiveCfg = Debug|Any CPU
		{5F621357-02C8-4F27-9BA7-EEA21DCDBE58}.Debug|Windows-ARM.Build.0 = Debug|Any CPU
		{5F621357-02C8-4F27-9BA7-EEA21DCDBE58}.Debug|Windows-x64.ActiveCfg = Debug|Any CPU
		{5F621357-02C8-4F27-9BA7-EEA21DCDBE58}.Debug|Windows-x64.Build.0 = Debug|Any CPU
		{5F621357-02C8-4F27-9BA7-EEA21DCDBE58}.Debug|Windows-x86.ActiveCfg = Debug|Any CPU
		{5F621357-02C8-4F27-9BA7-EEA21DCDBE58}.Debug|Windows-x86.Build.0 = Debug|Any CPU
		{5F621357-02C8-4F27-9BA7-EEA21DCDBE58}.Release|Android.ActiveCfg = Release|Any CPU
		{5F621357-02C8-4F27-9BA7-EEA21DCDBE58}.Release|Android.Build.0 = Release|Any CPU
		{5F621357-02C8-4F27-9BA7-EEA21DCDBE58}.Release|Any CPU.ActiveCfg = Release|Any CPU
		{5F621357-02C8-4F27-9BA7-EEA21DCDBE58}.Release|Any CPU.Build.0 = Release|Any CPU
		{5F621357-02C8-4F27-9BA7-EEA21DCDBE58}.Release|iOS.ActiveCfg = Release|Any CPU
		{5F621357-02C8-4F27-9BA7-EEA21DCDBE58}.Release|iOS.Build.0 = Release|Any CPU
		{5F621357-02C8-4F27-9BA7-EEA21DCDBE58}.Release|Windows Phone (Universal).ActiveCfg = Release|Any CPU
		{5F621357-02C8-4F27-9BA7-EEA21DCDBE58}.Release|Windows Phone (Universal).Build.0 = Release|Any CPU
		{5F621357-02C8-4F27-9BA7-EEA21DCDBE58}.Release|Windows Phone 8.ActiveCfg = Release|Any CPU
		{5F621357-02C8-4F27-9BA7-EEA21DCDBE58}.Release|Windows Phone 8.Build.0 = Release|Any CPU
		{5F621357-02C8-4F27-9BA7-EEA21DCDBE58}.Release|Windows-AnyCPU.ActiveCfg = Release|Any CPU
		{5F621357-02C8-4F27-9BA7-EEA21DCDBE58}.Release|Windows-AnyCPU.Build.0 = Release|Any CPU
		{5F621357-02C8-4F27-9BA7-EEA21DCDBE58}.Release|Windows-ARM.ActiveCfg = Release|Any CPU
		{5F621357-02C8-4F27-9BA7-EEA21DCDBE58}.Release|Windows-ARM.Build.0 = Release|Any CPU
		{5F621357-02C8-4F27-9BA7-EEA21DCDBE58}.Release|Windows-x64.ActiveCfg = Release|Any CPU
		{5F621357-02C8-4F27-9BA7-EEA21DCDBE58}.Release|Windows-x64.Build.0 = Release|Any CPU
		{5F621357-02C8-4F27-9BA7-EEA21DCDBE58}.Release|Windows-x86.ActiveCfg = Release|Any CPU
		{5F621357-02C8-4F27-9BA7-EEA21DCDBE58}.Release|Windows-x86.Build.0 = Release|Any CPU
		{E781210B-1E89-4C1A-8790-3A2C3B62C578}.Debug|Android.ActiveCfg = Debug|Any CPU
		{E781210B-1E89-4C1A-8790-3A2C3B62C578}.Debug|Android.Build.0 = Debug|Any CPU
		{E781210B-1E89-4C1A-8790-3A2C3B62C578}.Debug|Any CPU.ActiveCfg = Debug|Any CPU
		{E781210B-1E89-4C1A-8790-3A2C3B62C578}.Debug|Any CPU.Build.0 = Debug|Any CPU
		{E781210B-1E89-4C1A-8790-3A2C3B62C578}.Debug|iOS.ActiveCfg = Debug|Any CPU
		{E781210B-1E89-4C1A-8790-3A2C3B62C578}.Debug|iOS.Build.0 = Debug|Any CPU
		{E781210B-1E89-4C1A-8790-3A2C3B62C578}.Debug|Windows Phone (Universal).ActiveCfg = Debug|Any CPU
		{E781210B-1E89-4C1A-8790-3A2C3B62C578}.Debug|Windows Phone (Universal).Build.0 = Debug|Any CPU
		{E781210B-1E89-4C1A-8790-3A2C3B62C578}.Debug|Windows Phone 8.ActiveCfg = Debug|Any CPU
		{E781210B-1E89-4C1A-8790-3A2C3B62C578}.Debug|Windows Phone 8.Build.0 = Debug|Any CPU
		{E781210B-1E89-4C1A-8790-3A2C3B62C578}.Debug|Windows-AnyCPU.ActiveCfg = Debug|Any CPU
		{E781210B-1E89-4C1A-8790-3A2C3B62C578}.Debug|Windows-AnyCPU.Build.0 = Debug|Any CPU
		{E781210B-1E89-4C1A-8790-3A2C3B62C578}.Debug|Windows-ARM.ActiveCfg = Debug|Any CPU
		{E781210B-1E89-4C1A-8790-3A2C3B62C578}.Debug|Windows-ARM.Build.0 = Debug|Any CPU
		{E781210B-1E89-4C1A-8790-3A2C3B62C578}.Debug|Windows-x64.ActiveCfg = Debug|Any CPU
		{E781210B-1E89-4C1A-8790-3A2C3B62C578}.Debug|Windows-x64.Build.0 = Debug|Any CPU
		{E781210B-1E89-4C1A-8790-3A2C3B62C578}.Debug|Windows-x86.ActiveCfg = Debug|Any CPU
		{E781210B-1E89-4C1A-8790-3A2C3B62C578}.Debug|Windows-x86.Build.0 = Debug|Any CPU
		{E781210B-1E89-4C1A-8790-3A2C3B62C578}.Release|Android.ActiveCfg = Release|Any CPU
		{E781210B-1E89-4C1A-8790-3A2C3B62C578}.Release|Android.Build.0 = Release|Any CPU
		{E781210B-1E89-4C1A-8790-3A2C3B62C578}.Release|Any CPU.ActiveCfg = Release|Any CPU
		{E781210B-1E89-4C1A-8790-3A2C3B62C578}.Release|Any CPU.Build.0 = Release|Any CPU
		{E781210B-1E89-4C1A-8790-3A2C3B62C578}.Release|iOS.ActiveCfg = Release|Any CPU
		{E781210B-1E89-4C1A-8790-3A2C3B62C578}.Release|iOS.Build.0 = Release|Any CPU
		{E781210B-1E89-4C1A-8790-3A2C3B62C578}.Release|Windows Phone (Universal).ActiveCfg = Release|Any CPU
		{E781210B-1E89-4C1A-8790-3A2C3B62C578}.Release|Windows Phone (Universal).Build.0 = Release|Any CPU
		{E781210B-1E89-4C1A-8790-3A2C3B62C578}.Release|Windows Phone 8.ActiveCfg = Release|Any CPU
		{E781210B-1E89-4C1A-8790-3A2C3B62C578}.Release|Windows Phone 8.Build.0 = Release|Any CPU
		{E781210B-1E89-4C1A-8790-3A2C3B62C578}.Release|Windows-AnyCPU.ActiveCfg = Release|Any CPU
		{E781210B-1E89-4C1A-8790-3A2C3B62C578}.Release|Windows-AnyCPU.Build.0 = Release|Any CPU
		{E781210B-1E89-4C1A-8790-3A2C3B62C578}.Release|Windows-ARM.ActiveCfg = Release|Any CPU
		{E781210B-1E89-4C1A-8790-3A2C3B62C578}.Release|Windows-ARM.Build.0 = Release|Any CPU
		{E781210B-1E89-4C1A-8790-3A2C3B62C578}.Release|Windows-x64.ActiveCfg = Release|Any CPU
		{E781210B-1E89-4C1A-8790-3A2C3B62C578}.Release|Windows-x64.Build.0 = Release|Any CPU
		{E781210B-1E89-4C1A-8790-3A2C3B62C578}.Release|Windows-x86.ActiveCfg = Release|Any CPU
		{E781210B-1E89-4C1A-8790-3A2C3B62C578}.Release|Windows-x86.Build.0 = Release|Any CPU
		{D1727BAE-2121-49B4-9126-12DEC0E8D518}.Debug|Android.ActiveCfg = Debug|Any CPU
		{D1727BAE-2121-49B4-9126-12DEC0E8D518}.Debug|Android.Build.0 = Debug|Any CPU
		{D1727BAE-2121-49B4-9126-12DEC0E8D518}.Debug|Any CPU.ActiveCfg = Debug|Any CPU
		{D1727BAE-2121-49B4-9126-12DEC0E8D518}.Debug|Any CPU.Build.0 = Debug|Any CPU
		{D1727BAE-2121-49B4-9126-12DEC0E8D518}.Debug|iOS.ActiveCfg = Debug|Any CPU
		{D1727BAE-2121-49B4-9126-12DEC0E8D518}.Debug|iOS.Build.0 = Debug|Any CPU
		{D1727BAE-2121-49B4-9126-12DEC0E8D518}.Debug|Windows Phone (Universal).ActiveCfg = Debug|Any CPU
		{D1727BAE-2121-49B4-9126-12DEC0E8D518}.Debug|Windows Phone (Universal).Build.0 = Debug|Any CPU
		{D1727BAE-2121-49B4-9126-12DEC0E8D518}.Debug|Windows Phone 8.ActiveCfg = Debug|Any CPU
		{D1727BAE-2121-49B4-9126-12DEC0E8D518}.Debug|Windows Phone 8.Build.0 = Debug|Any CPU
		{D1727BAE-2121-49B4-9126-12DEC0E8D518}.Debug|Windows-AnyCPU.ActiveCfg = Debug|Any CPU
		{D1727BAE-2121-49B4-9126-12DEC0E8D518}.Debug|Windows-AnyCPU.Build.0 = Debug|Any CPU
		{D1727BAE-2121-49B4-9126-12DEC0E8D518}.Debug|Windows-ARM.ActiveCfg = Debug|Any CPU
		{D1727BAE-2121-49B4-9126-12DEC0E8D518}.Debug|Windows-ARM.Build.0 = Debug|Any CPU
		{D1727BAE-2121-49B4-9126-12DEC0E8D518}.Debug|Windows-x64.ActiveCfg = Debug|Any CPU
		{D1727BAE-2121-49B4-9126-12DEC0E8D518}.Debug|Windows-x64.Build.0 = Debug|Any CPU
		{D1727BAE-2121-49B4-9126-12DEC0E8D518}.Debug|Windows-x86.ActiveCfg = Debug|Any CPU
		{D1727BAE-2121-49B4-9126-12DEC0E8D518}.Debug|Windows-x86.Build.0 = Debug|Any CPU
		{D1727BAE-2121-49B4-9126-12DEC0E8D518}.Release|Android.ActiveCfg = Release|Any CPU
		{D1727BAE-2121-49B4-9126-12DEC0E8D518}.Release|Android.Build.0 = Release|Any CPU
		{D1727BAE-2121-49B4-9126-12DEC0E8D518}.Release|Any CPU.ActiveCfg = Release|Any CPU
		{D1727BAE-2121-49B4-9126-12DEC0E8D518}.Release|Any CPU.Build.0 = Release|Any CPU
		{D1727BAE-2121-49B4-9126-12DEC0E8D518}.Release|iOS.ActiveCfg = Release|Any CPU
		{D1727BAE-2121-49B4-9126-12DEC0E8D518}.Release|iOS.Build.0 = Release|Any CPU
		{D1727BAE-2121-49B4-9126-12DEC0E8D518}.Release|Windows Phone (Universal).ActiveCfg = Release|Any CPU
		{D1727BAE-2121-49B4-9126-12DEC0E8D518}.Release|Windows Phone (Universal).Build.0 = Release|Any CPU
		{D1727BAE-2121-49B4-9126-12DEC0E8D518}.Release|Windows Phone 8.ActiveCfg = Release|Any CPU
		{D1727BAE-2121-49B4-9126-12DEC0E8D518}.Release|Windows Phone 8.Build.0 = Release|Any CPU
		{D1727BAE-2121-49B4-9126-12DEC0E8D518}.Release|Windows-AnyCPU.ActiveCfg = Release|Any CPU
		{D1727BAE-2121-49B4-9126-12DEC0E8D518}.Release|Windows-AnyCPU.Build.0 = Release|Any CPU
		{D1727BAE-2121-49B4-9126-12DEC0E8D518}.Release|Windows-ARM.ActiveCfg = Release|Any CPU
		{D1727BAE-2121-49B4-9126-12DEC0E8D518}.Release|Windows-ARM.Build.0 = Release|Any CPU
		{D1727BAE-2121-49B4-9126-12DEC0E8D518}.Release|Windows-x64.ActiveCfg = Release|Any CPU
		{D1727BAE-2121-49B4-9126-12DEC0E8D518}.Release|Windows-x64.Build.0 = Release|Any CPU
		{D1727BAE-2121-49B4-9126-12DEC0E8D518}.Release|Windows-x86.ActiveCfg = Release|Any CPU
		{D1727BAE-2121-49B4-9126-12DEC0E8D518}.Release|Windows-x86.Build.0 = Release|Any CPU
		{39144D8A-A83E-4F47-A4CE-C54ED7F08E0E}.Debug|Android.ActiveCfg = Debug|Any CPU
		{39144D8A-A83E-4F47-A4CE-C54ED7F08E0E}.Debug|Android.Build.0 = Debug|Any CPU
		{39144D8A-A83E-4F47-A4CE-C54ED7F08E0E}.Debug|Any CPU.ActiveCfg = Debug|Any CPU
		{39144D8A-A83E-4F47-A4CE-C54ED7F08E0E}.Debug|Any CPU.Build.0 = Debug|Any CPU
		{39144D8A-A83E-4F47-A4CE-C54ED7F08E0E}.Debug|iOS.ActiveCfg = Debug|Any CPU
		{39144D8A-A83E-4F47-A4CE-C54ED7F08E0E}.Debug|iOS.Build.0 = Debug|Any CPU
		{39144D8A-A83E-4F47-A4CE-C54ED7F08E0E}.Debug|Windows Phone (Universal).ActiveCfg = Debug|Any CPU
		{39144D8A-A83E-4F47-A4CE-C54ED7F08E0E}.Debug|Windows Phone (Universal).Build.0 = Debug|Any CPU
		{39144D8A-A83E-4F47-A4CE-C54ED7F08E0E}.Debug|Windows Phone 8.ActiveCfg = Debug|Any CPU
		{39144D8A-A83E-4F47-A4CE-C54ED7F08E0E}.Debug|Windows Phone 8.Build.0 = Debug|Any CPU
		{39144D8A-A83E-4F47-A4CE-C54ED7F08E0E}.Debug|Windows-AnyCPU.ActiveCfg = Debug|Any CPU
		{39144D8A-A83E-4F47-A4CE-C54ED7F08E0E}.Debug|Windows-AnyCPU.Build.0 = Debug|Any CPU
		{39144D8A-A83E-4F47-A4CE-C54ED7F08E0E}.Debug|Windows-ARM.ActiveCfg = Debug|Any CPU
		{39144D8A-A83E-4F47-A4CE-C54ED7F08E0E}.Debug|Windows-ARM.Build.0 = Debug|Any CPU
		{39144D8A-A83E-4F47-A4CE-C54ED7F08E0E}.Debug|Windows-x64.ActiveCfg = Debug|Any CPU
		{39144D8A-A83E-4F47-A4CE-C54ED7F08E0E}.Debug|Windows-x64.Build.0 = Debug|Any CPU
		{39144D8A-A83E-4F47-A4CE-C54ED7F08E0E}.Debug|Windows-x86.ActiveCfg = Debug|Any CPU
		{39144D8A-A83E-4F47-A4CE-C54ED7F08E0E}.Debug|Windows-x86.Build.0 = Debug|Any CPU
		{39144D8A-A83E-4F47-A4CE-C54ED7F08E0E}.Release|Android.ActiveCfg = Release|Any CPU
		{39144D8A-A83E-4F47-A4CE-C54ED7F08E0E}.Release|Android.Build.0 = Release|Any CPU
		{39144D8A-A83E-4F47-A4CE-C54ED7F08E0E}.Release|Any CPU.ActiveCfg = Release|Any CPU
		{39144D8A-A83E-4F47-A4CE-C54ED7F08E0E}.Release|Any CPU.Build.0 = Release|Any CPU
		{39144D8A-A83E-4F47-A4CE-C54ED7F08E0E}.Release|iOS.ActiveCfg = Release|Any CPU
		{39144D8A-A83E-4F47-A4CE-C54ED7F08E0E}.Release|iOS.Build.0 = Release|Any CPU
		{39144D8A-A83E-4F47-A4CE-C54ED7F08E0E}.Release|Windows Phone (Universal).ActiveCfg = Release|Any CPU
		{39144D8A-A83E-4F47-A4CE-C54ED7F08E0E}.Release|Windows Phone (Universal).Build.0 = Release|Any CPU
		{39144D8A-A83E-4F47-A4CE-C54ED7F08E0E}.Release|Windows Phone 8.ActiveCfg = Release|Any CPU
		{39144D8A-A83E-4F47-A4CE-C54ED7F08E0E}.Release|Windows Phone 8.Build.0 = Release|Any CPU
		{39144D8A-A83E-4F47-A4CE-C54ED7F08E0E}.Release|Windows-AnyCPU.ActiveCfg = Release|Any CPU
		{39144D8A-A83E-4F47-A4CE-C54ED7F08E0E}.Release|Windows-AnyCPU.Build.0 = Release|Any CPU
		{39144D8A-A83E-4F47-A4CE-C54ED7F08E0E}.Release|Windows-ARM.ActiveCfg = Release|Any CPU
		{39144D8A-A83E-4F47-A4CE-C54ED7F08E0E}.Release|Windows-ARM.Build.0 = Release|Any CPU
		{39144D8A-A83E-4F47-A4CE-C54ED7F08E0E}.Release|Windows-x64.ActiveCfg = Release|Any CPU
		{39144D8A-A83E-4F47-A4CE-C54ED7F08E0E}.Release|Windows-x64.Build.0 = Release|Any CPU
		{39144D8A-A83E-4F47-A4CE-C54ED7F08E0E}.Release|Windows-x86.ActiveCfg = Release|Any CPU
		{39144D8A-A83E-4F47-A4CE-C54ED7F08E0E}.Release|Windows-x86.Build.0 = Release|Any CPU
		{91776D23-678F-40E3-91C3-68BF9BAB893C}.Debug|Android.ActiveCfg = Debug|Any CPU
		{91776D23-678F-40E3-91C3-68BF9BAB893C}.Debug|Android.Build.0 = Debug|Any CPU
		{91776D23-678F-40E3-91C3-68BF9BAB893C}.Debug|Any CPU.ActiveCfg = Debug|Any CPU
		{91776D23-678F-40E3-91C3-68BF9BAB893C}.Debug|Any CPU.Build.0 = Debug|Any CPU
		{91776D23-678F-40E3-91C3-68BF9BAB893C}.Debug|iOS.ActiveCfg = Debug|Any CPU
		{91776D23-678F-40E3-91C3-68BF9BAB893C}.Debug|iOS.Build.0 = Debug|Any CPU
		{91776D23-678F-40E3-91C3-68BF9BAB893C}.Debug|Windows Phone (Universal).ActiveCfg = Debug|Any CPU
		{91776D23-678F-40E3-91C3-68BF9BAB893C}.Debug|Windows Phone (Universal).Build.0 = Debug|Any CPU
		{91776D23-678F-40E3-91C3-68BF9BAB893C}.Debug|Windows Phone 8.ActiveCfg = Debug|Any CPU
		{91776D23-678F-40E3-91C3-68BF9BAB893C}.Debug|Windows Phone 8.Build.0 = Debug|Any CPU
		{91776D23-678F-40E3-91C3-68BF9BAB893C}.Debug|Windows-AnyCPU.ActiveCfg = Debug|Any CPU
		{91776D23-678F-40E3-91C3-68BF9BAB893C}.Debug|Windows-AnyCPU.Build.0 = Debug|Any CPU
		{91776D23-678F-40E3-91C3-68BF9BAB893C}.Debug|Windows-ARM.ActiveCfg = Debug|Any CPU
		{91776D23-678F-40E3-91C3-68BF9BAB893C}.Debug|Windows-ARM.Build.0 = Debug|Any CPU
		{91776D23-678F-40E3-91C3-68BF9BAB893C}.Debug|Windows-x64.ActiveCfg = Debug|Any CPU
		{91776D23-678F-40E3-91C3-68BF9BAB893C}.Debug|Windows-x64.Build.0 = Debug|Any CPU
		{91776D23-678F-40E3-91C3-68BF9BAB893C}.Debug|Windows-x86.ActiveCfg = Debug|Any CPU
		{91776D23-678F-40E3-91C3-68BF9BAB893C}.Debug|Windows-x86.Build.0 = Debug|Any CPU
		{91776D23-678F-40E3-91C3-68BF9BAB893C}.Release|Android.ActiveCfg = Release|Any CPU
		{91776D23-678F-40E3-91C3-68BF9BAB893C}.Release|Android.Build.0 = Release|Any CPU
		{91776D23-678F-40E3-91C3-68BF9BAB893C}.Release|Any CPU.ActiveCfg = Release|Any CPU
		{91776D23-678F-40E3-91C3-68BF9BAB893C}.Release|Any CPU.Build.0 = Release|Any CPU
		{91776D23-678F-40E3-91C3-68BF9BAB893C}.Release|iOS.ActiveCfg = Release|Any CPU
		{91776D23-678F-40E3-91C3-68BF9BAB893C}.Release|iOS.Build.0 = Release|Any CPU
		{91776D23-678F-40E3-91C3-68BF9BAB893C}.Release|Windows Phone (Universal).ActiveCfg = Release|Any CPU
		{91776D23-678F-40E3-91C3-68BF9BAB893C}.Release|Windows Phone (Universal).Build.0 = Release|Any CPU
		{91776D23-678F-40E3-91C3-68BF9BAB893C}.Release|Windows Phone 8.ActiveCfg = Release|Any CPU
		{91776D23-678F-40E3-91C3-68BF9BAB893C}.Release|Windows Phone 8.Build.0 = Release|Any CPU
		{91776D23-678F-40E3-91C3-68BF9BAB893C}.Release|Windows-AnyCPU.ActiveCfg = Release|Any CPU
		{91776D23-678F-40E3-91C3-68BF9BAB893C}.Release|Windows-AnyCPU.Build.0 = Release|Any CPU
		{91776D23-678F-40E3-91C3-68BF9BAB893C}.Release|Windows-ARM.ActiveCfg = Release|Any CPU
		{91776D23-678F-40E3-91C3-68BF9BAB893C}.Release|Windows-ARM.Build.0 = Release|Any CPU
		{91776D23-678F-40E3-91C3-68BF9BAB893C}.Release|Windows-x64.ActiveCfg = Release|Any CPU
		{91776D23-678F-40E3-91C3-68BF9BAB893C}.Release|Windows-x64.Build.0 = Release|Any CPU
		{91776D23-678F-40E3-91C3-68BF9BAB893C}.Release|Windows-x86.ActiveCfg = Release|Any CPU
		{91776D23-678F-40E3-91C3-68BF9BAB893C}.Release|Windows-x86.Build.0 = Release|Any CPU
	EndGlobalSection
	GlobalSection(SolutionProperties) = preSolution
		HideSolutionNode = FALSE
	EndGlobalSection
EndGlobal
